// !$*UTF8*$!
{
	archiveVersion = 1;
	classes = {
	};
	objectVersion = 46;
	objects = {

/* Begin PBXAggregateTarget section */
		E1A97C48170C88E400E3FC03 /* Install */ = {
			isa = PBXAggregateTarget;
			buildConfigurationList = E1A97C49170C88E400E3FC03 /* Build configuration list for PBXAggregateTarget "Install" */;
			buildPhases = (
				E1A97C4D170C88EE00E3FC03 /* CopyFiles */,
				E119563218E9DA6C005608B0 /* CopyFiles */,
			);
			dependencies = (
				E1A97C4C170C88EA00E3FC03 /* PBXTargetDependency */,
			);
			name = Install;
			productName = Install;
		};
		E1A97C4F170C892C00E3FC03 /* Everything */ = {
			isa = PBXAggregateTarget;
			buildConfigurationList = E1A97C50170C892C00E3FC03 /* Build configuration list for PBXAggregateTarget "Everything" */;
			buildPhases = (
			);
			dependencies = (
				E1A97C53170C893800E3FC03 /* PBXTargetDependency */,
			);
			name = Everything;
			productName = Everything;
		};
/* End PBXAggregateTarget section */

/* Begin PBXBuildFile section */
		E119563518E9DAD3005608B0 /* USBHID in CopyFiles */ = {isa = PBXBuildFile; fileRef = E119563418E9DACC005608B0 /* USBHID */; };
		E14E2D86191295F300534ABB /* MWLibrary.xml in Resources */ = {isa = PBXBuildFile; fileRef = E14E2D85191295F300534ABB /* MWLibrary.xml */; };
		E1A97C31170C847100E3FC03 /* CoreFoundation.framework in Frameworks */ = {isa = PBXBuildFile; fileRef = E1A97C30170C847100E3FC03 /* CoreFoundation.framework */; };
		E1A97C37170C847100E3FC03 /* InfoPlist.strings in Resources */ = {isa = PBXBuildFile; fileRef = E1A97C35170C847100E3FC03 /* InfoPlist.strings */; };
		E1A97C40170C857700E3FC03 /* USBHIDPlugin.cpp in Sources */ = {isa = PBXBuildFile; fileRef = E1A97C3E170C857700E3FC03 /* USBHIDPlugin.cpp */; };
		E1A97C45170C87B200E3FC03 /* MWorksCore.framework in Frameworks */ = {isa = PBXBuildFile; fileRef = E1A97C44170C87B200E3FC03 /* MWorksCore.framework */; };
		E1A97C47170C887100E3FC03 /* libboost_system.a in Frameworks */ = {isa = PBXBuildFile; fileRef = E1A97C46170C887100E3FC03 /* libboost_system.a */; };
		E1A97C4E170C88FB00E3FC03 /* USBHID.bundle in CopyFiles */ = {isa = PBXBuildFile; fileRef = E1A97C2D170C847100E3FC03 /* USBHID.bundle */; };
		E1A97C56170C8A7F00E3FC03 /* USBHIDDevice.cpp in Sources */ = {isa = PBXBuildFile; fileRef = E1A97C54170C8A7F00E3FC03 /* USBHIDDevice.cpp */; };
		E1A97C58170C900100E3FC03 /* IOKit.framework in Frameworks */ = {isa = PBXBuildFile; fileRef = E1A97C57170C900100E3FC03 /* IOKit.framework */; };
		E1CD866C170DE75B00AD271B /* USBHIDInputChannel.cpp in Sources */ = {isa = PBXBuildFile; fileRef = E1CD866A170DE75B00AD271B /* USBHIDInputChannel.cpp */; };
		E1CD866E170DF04400AD271B /* CoreAudio.framework in Frameworks */ = {isa = PBXBuildFile; fileRef = E1CD866D170DF04400AD271B /* CoreAudio.framework */; };
		E1E07EB31C04F52F008DD97E /* MWComponents.yaml in Resources */ = {isa = PBXBuildFile; fileRef = E1E07EB21C04F52F008DD97E /* MWComponents.yaml */; };
/* End PBXBuildFile section */

/* Begin PBXContainerItemProxy section */
		E1A97C4B170C88EA00E3FC03 /* PBXContainerItemProxy */ = {
			isa = PBXContainerItemProxy;
			containerPortal = E1A97C25170C847100E3FC03 /* Project object */;
			proxyType = 1;
			remoteGlobalIDString = E1A97C2C170C847100E3FC03;
			remoteInfo = USBHID;
		};
		E1A97C52170C893800E3FC03 /* PBXContainerItemProxy */ = {
			isa = PBXContainerItemProxy;
			containerPortal = E1A97C25170C847100E3FC03 /* Project object */;
			proxyType = 1;
			remoteGlobalIDString = E1A97C48170C88E400E3FC03;
			remoteInfo = Install;
		};
/* End PBXContainerItemProxy section */

/* Begin PBXCopyFilesBuildPhase section */
		E119563218E9DA6C005608B0 /* CopyFiles */ = {
			isa = PBXCopyFilesBuildPhase;
			buildActionMask = 2147483647;
			dstPath = "$(MW_TESTS_XML_DIR)/IODevice";
			dstSubfolderSpec = 0;
			files = (
				E119563518E9DAD3005608B0 /* USBHID in CopyFiles */,
			);
			runOnlyForDeploymentPostprocessing = 0;
		};
		E1A97C4D170C88EE00E3FC03 /* CopyFiles */ = {
			isa = PBXCopyFilesBuildPhase;
			buildActionMask = 2147483647;
			dstPath = "$(MW_PLUGINS_DIR)";
			dstSubfolderSpec = 0;
			files = (
				E1A97C4E170C88FB00E3FC03 /* USBHID.bundle in CopyFiles */,
			);
			runOnlyForDeploymentPostprocessing = 0;
		};
/* End PBXCopyFilesBuildPhase section */

/* Begin PBXFileReference section */
		E119563418E9DACC005608B0 /* USBHID */ = {isa = PBXFileReference; lastKnownFileType = folder; path = USBHID; sourceTree = "<group>"; };
		E14E2D85191295F300534ABB /* MWLibrary.xml */ = {isa = PBXFileReference; fileEncoding = 4; lastKnownFileType = text.xml; path = MWLibrary.xml; sourceTree = "<group>"; };
		E1A97C2D170C847100E3FC03 /* USBHID.bundle */ = {isa = PBXFileReference; explicitFileType = wrapper.cfbundle; includeInIndex = 0; path = USBHID.bundle; sourceTree = BUILT_PRODUCTS_DIR; };
		E1A97C30170C847100E3FC03 /* CoreFoundation.framework */ = {isa = PBXFileReference; lastKnownFileType = wrapper.framework; name = CoreFoundation.framework; path = System/Library/Frameworks/CoreFoundation.framework; sourceTree = SDKROOT; };
		E1A97C34170C847100E3FC03 /* USBHID-Info.plist */ = {isa = PBXFileReference; lastKnownFileType = text.plist.xml; path = "USBHID-Info.plist"; sourceTree = "<group>"; };
		E1A97C36170C847100E3FC03 /* en */ = {isa = PBXFileReference; lastKnownFileType = text.plist.strings; name = en; path = en.lproj/InfoPlist.strings; sourceTree = "<group>"; };
		E1A97C38170C847100E3FC03 /* USBHID-Prefix.pch */ = {isa = PBXFileReference; lastKnownFileType = sourcecode.c.h; path = "USBHID-Prefix.pch"; sourceTree = "<group>"; };
		E1A97C3E170C857700E3FC03 /* USBHIDPlugin.cpp */ = {isa = PBXFileReference; fileEncoding = 4; lastKnownFileType = sourcecode.cpp.cpp; path = USBHIDPlugin.cpp; sourceTree = "<group>"; };
		E1A97C42170C85ED00E3FC03 /* Development.xcconfig */ = {isa = PBXFileReference; lastKnownFileType = text.xcconfig; name = Development.xcconfig; path = "/Library/Application Support/MWorks/Developer/Xcode/Development.xcconfig"; sourceTree = "<absolute>"; };
		E1A97C43170C85ED00E3FC03 /* WARNING.txt */ = {isa = PBXFileReference; lastKnownFileType = text; name = WARNING.txt; path = "/Library/Application Support/MWorks/Developer/Xcode/WARNING.txt"; sourceTree = "<absolute>"; };
		E1A97C44170C87B200E3FC03 /* MWorksCore.framework */ = {isa = PBXFileReference; lastKnownFileType = wrapper.framework; name = MWorksCore.framework; path = /Library/Frameworks/MWorksCore.framework; sourceTree = "<absolute>"; };
		E1A97C46170C887100E3FC03 /* libboost_system.a */ = {isa = PBXFileReference; lastKnownFileType = archive.ar; name = libboost_system.a; path = "/Library/Application Support/MWorks/Developer/lib/libboost_system.a"; sourceTree = "<absolute>"; };
		E1A97C54170C8A7F00E3FC03 /* USBHIDDevice.cpp */ = {isa = PBXFileReference; fileEncoding = 4; lastKnownFileType = sourcecode.cpp.cpp; path = USBHIDDevice.cpp; sourceTree = "<group>"; };
		E1A97C55170C8A7F00E3FC03 /* USBHIDDevice.h */ = {isa = PBXFileReference; fileEncoding = 4; lastKnownFileType = sourcecode.c.h; path = USBHIDDevice.h; sourceTree = "<group>"; };
		E1A97C57170C900100E3FC03 /* IOKit.framework */ = {isa = PBXFileReference; lastKnownFileType = wrapper.framework; name = IOKit.framework; path = System/Library/Frameworks/IOKit.framework; sourceTree = SDKROOT; };
		E1CD866A170DE75B00AD271B /* USBHIDInputChannel.cpp */ = {isa = PBXFileReference; fileEncoding = 4; lastKnownFileType = sourcecode.cpp.cpp; path = USBHIDInputChannel.cpp; sourceTree = "<group>"; };
		E1CD866B170DE75B00AD271B /* USBHIDInputChannel.h */ = {isa = PBXFileReference; fileEncoding = 4; lastKnownFileType = sourcecode.c.h; path = USBHIDInputChannel.h; sourceTree = "<group>"; };
		E1CD866D170DF04400AD271B /* CoreAudio.framework */ = {isa = PBXFileReference; lastKnownFileType = wrapper.framework; name = CoreAudio.framework; path = System/Library/Frameworks/CoreAudio.framework; sourceTree = SDKROOT; };
		E1E07EB21C04F52F008DD97E /* MWComponents.yaml */ = {isa = PBXFileReference; fileEncoding = 4; lastKnownFileType = text; path = MWComponents.yaml; sourceTree = "<group>"; };
/* End PBXFileReference section */

/* Begin PBXFrameworksBuildPhase section */
		E1A97C2A170C847100E3FC03 /* Frameworks */ = {
			isa = PBXFrameworksBuildPhase;
			buildActionMask = 2147483647;
			files = (
				E1A97C45170C87B200E3FC03 /* MWorksCore.framework in Frameworks */,
				E1CD866E170DF04400AD271B /* CoreAudio.framework in Frameworks */,
				E1A97C31170C847100E3FC03 /* CoreFoundation.framework in Frameworks */,
				E1A97C58170C900100E3FC03 /* IOKit.framework in Frameworks */,
				E1A97C47170C887100E3FC03 /* libboost_system.a in Frameworks */,
			);
			runOnlyForDeploymentPostprocessing = 0;
		};
/* End PBXFrameworksBuildPhase section */

/* Begin PBXGroup section */
		E119563318E9DA8B005608B0 /* Tests */ = {
			isa = PBXGroup;
			children = (
				E119563418E9DACC005608B0 /* USBHID */,
			);
			path = Tests;
			sourceTree = "<group>";
		};
		E1A97C24170C847100E3FC03 = {
			isa = PBXGroup;
			children = (
				E1A97C41170C85D700E3FC03 /* External Config */,
				E1A97C32170C847100E3FC03 /* USBHID */,
				E1A97C2F170C847100E3FC03 /* Frameworks & Libraries */,
				E1A97C2E170C847100E3FC03 /* Products */,
			);
			sourceTree = "<group>";
		};
		E1A97C2E170C847100E3FC03 /* Products */ = {
			isa = PBXGroup;
			children = (
				E1A97C2D170C847100E3FC03 /* USBHID.bundle */,
			);
			name = Products;
			sourceTree = "<group>";
		};
		E1A97C2F170C847100E3FC03 /* Frameworks & Libraries */ = {
			isa = PBXGroup;
			children = (
				E1A97C44170C87B200E3FC03 /* MWorksCore.framework */,
				E1CD866D170DF04400AD271B /* CoreAudio.framework */,
				E1A97C30170C847100E3FC03 /* CoreFoundation.framework */,
				E1A97C57170C900100E3FC03 /* IOKit.framework */,
				E1A97C46170C887100E3FC03 /* libboost_system.a */,
			);
			name = "Frameworks & Libraries";
			sourceTree = "<group>";
		};
		E1A97C32170C847100E3FC03 /* USBHID */ = {
			isa = PBXGroup;
			children = (
				E1CD866B170DE75B00AD271B /* USBHIDInputChannel.h */,
				E1CD866A170DE75B00AD271B /* USBHIDInputChannel.cpp */,
				E1A97C55170C8A7F00E3FC03 /* USBHIDDevice.h */,
				E1A97C54170C8A7F00E3FC03 /* USBHIDDevice.cpp */,
				E1A97C3E170C857700E3FC03 /* USBHIDPlugin.cpp */,
				E1A97C33170C847100E3FC03 /* Supporting Files */,
				E119563318E9DA8B005608B0 /* Tests */,
			);
			path = USBHID;
			sourceTree = "<group>";
		};
		E1A97C33170C847100E3FC03 /* Supporting Files */ = {
			isa = PBXGroup;
			children = (
				E1A97C34170C847100E3FC03 /* USBHID-Info.plist */,
				E1A97C35170C847100E3FC03 /* InfoPlist.strings */,
				E1A97C38170C847100E3FC03 /* USBHID-Prefix.pch */,
				E1E07EB21C04F52F008DD97E /* MWComponents.yaml */,
				E14E2D85191295F300534ABB /* MWLibrary.xml */,
			);
			name = "Supporting Files";
			sourceTree = "<group>";
		};
		E1A97C41170C85D700E3FC03 /* External Config */ = {
			isa = PBXGroup;
			children = (
				E1A97C42170C85ED00E3FC03 /* Development.xcconfig */,
				E1A97C43170C85ED00E3FC03 /* WARNING.txt */,
			);
			name = "External Config";
			sourceTree = "<group>";
		};
/* End PBXGroup section */

/* Begin PBXNativeTarget section */
		E1A97C2C170C847100E3FC03 /* USBHID */ = {
			isa = PBXNativeTarget;
			buildConfigurationList = E1A97C3B170C847100E3FC03 /* Build configuration list for PBXNativeTarget "USBHID" */;
			buildPhases = (
				E1A97C29170C847100E3FC03 /* Sources */,
				E1A97C2A170C847100E3FC03 /* Frameworks */,
				E1A97C2B170C847100E3FC03 /* Resources */,
			);
			buildRules = (
			);
			dependencies = (
			);
			name = USBHID;
			productName = USBHID;
			productReference = E1A97C2D170C847100E3FC03 /* USBHID.bundle */;
			productType = "com.apple.product-type.bundle";
		};
/* End PBXNativeTarget section */

/* Begin PBXProject section */
		E1A97C25170C847100E3FC03 /* Project object */ = {
			isa = PBXProject;
			attributes = {
				LastUpgradeCheck = 0460;
				ORGANIZATIONNAME = "The MWorks Project";
			};
			buildConfigurationList = E1A97C28170C847100E3FC03 /* Build configuration list for PBXProject "USBHID" */;
			compatibilityVersion = "Xcode 3.2";
			developmentRegion = English;
			hasScannedForEncodings = 0;
			knownRegions = (
				en,
			);
			mainGroup = E1A97C24170C847100E3FC03;
			productRefGroup = E1A97C2E170C847100E3FC03 /* Products */;
			projectDirPath = "";
			projectRoot = "";
			targets = (
				E1A97C2C170C847100E3FC03 /* USBHID */,
				E1A97C48170C88E400E3FC03 /* Install */,
				E1A97C4F170C892C00E3FC03 /* Everything */,
			);
		};
/* End PBXProject section */

/* Begin PBXResourcesBuildPhase section */
		E1A97C2B170C847100E3FC03 /* Resources */ = {
			isa = PBXResourcesBuildPhase;
			buildActionMask = 2147483647;
			files = (
				E1A97C37170C847100E3FC03 /* InfoPlist.strings in Resources */,
				E14E2D86191295F300534ABB /* MWLibrary.xml in Resources */,
				E1E07EB31C04F52F008DD97E /* MWComponents.yaml in Resources */,
			);
			runOnlyForDeploymentPostprocessing = 0;
		};
/* End PBXResourcesBuildPhase section */

/* Begin PBXSourcesBuildPhase section */
		E1A97C29170C847100E3FC03 /* Sources */ = {
			isa = PBXSourcesBuildPhase;
			buildActionMask = 2147483647;
			files = (
				E1A97C40170C857700E3FC03 /* USBHIDPlugin.cpp in Sources */,
				E1A97C56170C8A7F00E3FC03 /* USBHIDDevice.cpp in Sources */,
				E1CD866C170DE75B00AD271B /* USBHIDInputChannel.cpp in Sources */,
			);
			runOnlyForDeploymentPostprocessing = 0;
		};
/* End PBXSourcesBuildPhase section */

/* Begin PBXTargetDependency section */
		E1A97C4C170C88EA00E3FC03 /* PBXTargetDependency */ = {
			isa = PBXTargetDependency;
			target = E1A97C2C170C847100E3FC03 /* USBHID */;
			targetProxy = E1A97C4B170C88EA00E3FC03 /* PBXContainerItemProxy */;
		};
		E1A97C53170C893800E3FC03 /* PBXTargetDependency */ = {
			isa = PBXTargetDependency;
			target = E1A97C48170C88E400E3FC03 /* Install */;
			targetProxy = E1A97C52170C893800E3FC03 /* PBXContainerItemProxy */;
		};
/* End PBXTargetDependency section */

/* Begin PBXVariantGroup section */
		E1A97C35170C847100E3FC03 /* InfoPlist.strings */ = {
			isa = PBXVariantGroup;
			children = (
				E1A97C36170C847100E3FC03 /* en */,
			);
			name = InfoPlist.strings;
			sourceTree = "<group>";
		};
/* End PBXVariantGroup section */

/* Begin XCBuildConfiguration section */
		E1A97C39170C847100E3FC03 /* Development */ = {
			isa = XCBuildConfiguration;
			baseConfigurationReference = E1A97C42170C85ED00E3FC03 /* Development.xcconfig */;
			buildSettings = {
				CLANG_WARN_CONSTANT_CONVERSION = YES;
				CLANG_WARN_EMPTY_BODY = YES;
				CLANG_WARN_ENUM_CONVERSION = YES;
				CLANG_WARN_INT_CONVERSION = YES;
				CLANG_WARN__DUPLICATE_METHOD_MATCH = YES;
				GCC_WARN_ABOUT_RETURN_TYPE = YES;
				GCC_WARN_UNINITIALIZED_AUTOS = YES;
				GCC_WARN_UNUSED_VARIABLE = YES;
			};
			name = Development;
		};
		E1A97C3C170C847100E3FC03 /* Development */ = {
			isa = XCBuildConfiguration;
			buildSettings = {
				COMBINE_HIDPI_IMAGES = YES;
				GCC_PRECOMPILE_PREFIX_HEADER = YES;
				GCC_PREFIX_HEADER = "USBHID/USBHID-Prefix.pch";
				INFOPLIST_FILE = "USBHID/USBHID-Info.plist";
				PRODUCT_NAME = "$(TARGET_NAME)";
				WRAPPER_EXTENSION = bundle;
			};
			name = Development;
		};
		E1A97C4A170C88E400E3FC03 /* Development */ = {
			isa = XCBuildConfiguration;
			buildSettings = {
				PRODUCT_NAME = "$(TARGET_NAME)";
			};
			name = Development;
		};
		E1A97C51170C892C00E3FC03 /* Development */ = {
			isa = XCBuildConfiguration;
			buildSettings = {
				PRODUCT_NAME = "$(TARGET_NAME)";
			};
			name = Development;
		};
/* End XCBuildConfiguration section */

/* Begin XCConfigurationList section */
		E1A97C28170C847100E3FC03 /* Build configuration list for PBXProject "USBHID" */ = {
			isa = XCConfigurationList;
			buildConfigurations = (
				E1A97C39170C847100E3FC03 /* Development */,
			);
			defaultConfigurationIsVisible = 0;
			defaultConfigurationName = Development;
		};
		E1A97C3B170C847100E3FC03 /* Build configuration list for PBXNativeTarget "USBHID" */ = {
			isa = XCConfigurationList;
			buildConfigurations = (
				E1A97C3C170C847100E3FC03 /* Development */,
			);
			defaultConfigurationIsVisible = 0;
			defaultConfigurationName = Development;
		};
		E1A97C49170C88E400E3FC03 /* Build configuration list for PBXAggregateTarget "Install" */ = {
			isa = XCConfigurationList;
			buildConfigurations = (
				E1A97C4A170C88E400E3FC03 /* Development */,
			);
			defaultConfigurationIsVisible = 0;
			defaultConfigurationName = Development;
		};
		E1A97C50170C892C00E3FC03 /* Build configuration list for PBXAggregateTarget "Everything" */ = {
			isa = XCConfigurationList;
			buildConfigurations = (
				E1A97C51170C892C00E3FC03 /* Development */,
			);
			defaultConfigurationIsVisible = 0;
			defaultConfigurationName = Development;
		};
/* End XCConfigurationList section */
	};
	rootObject = E1A97C25170C847100E3FC03 /* Project object */;
}
