// !$*UTF8*$!
{
	archiveVersion = 1;
	classes = {
	};
	objectVersion = 46;
	objects = {

/* Begin PBXAggregateTarget section */
		5C77F48510E9698E00919719 /* Everything */ = {
			isa = PBXAggregateTarget;
			buildConfigurationList = 5C77F48D10E9699A00919719 /* Build configuration list for PBXAggregateTarget "Everything" */;
			buildPhases = (
			);
			dependencies = (
				5C77F48A10E9699500919719 /* PBXTargetDependency */,
			);
			name = Everything;
			productName = Everything;
		};
/* End PBXAggregateTarget section */

/* Begin PBXBuildFile section */
		0E1F31840C5B1E6900EB89EA /* MWNotifications.h in Headers */ = {isa = PBXBuildFile; fileRef = 0E1F31830C5B1E6900EB89EA /* MWNotifications.h */; settings = {ATTRIBUTES = (Public, ); }; };
		0E1F319F0C5B1EB700EB89EA /* MWConsoleController.h in Headers */ = {isa = PBXBuildFile; fileRef = 0E1F319B0C5B1EB700EB89EA /* MWConsoleController.h */; settings = {ATTRIBUTES = (Public, ); }; };
		0E1F31A00C5B1EB700EB89EA /* MWConsoleController.m in Sources */ = {isa = PBXBuildFile; fileRef = 0E1F319C0C5B1EB700EB89EA /* MWConsoleController.m */; };
		0E1F31A10C5B1EB700EB89EA /* MWMessageContainer.h in Headers */ = {isa = PBXBuildFile; fileRef = 0E1F319D0C5B1EB700EB89EA /* MWMessageContainer.h */; settings = {ATTRIBUTES = (Public, ); }; };
		0E1F31A20C5B1EB700EB89EA /* MWMessageContainer.m in Sources */ = {isa = PBXBuildFile; fileRef = 0E1F319E0C5B1EB700EB89EA /* MWMessageContainer.m */; };
		0E1F32130C5B26BC00EB89EA /* ConsoleWindow.nib in Resources */ = {isa = PBXBuildFile; fileRef = 0E1F32120C5B26BC00EB89EA /* ConsoleWindow.nib */; };
		0E36D05F0C7A2F440050471A /* MWWindowController.h in Headers */ = {isa = PBXBuildFile; fileRef = 0E36D05D0C7A2F440050471A /* MWWindowController.h */; settings = {ATTRIBUTES = (Public, ); }; };
		0E36D0600C7A2F440050471A /* MWWindowController.m in Sources */ = {isa = PBXBuildFile; fileRef = 0E36D05E0C7A2F440050471A /* MWWindowController.m */; };
		0E727A1B0CB64819000C7B3F /* MWConsoleToolbar.h in Headers */ = {isa = PBXBuildFile; fileRef = 0E727A190CB64819000C7B3F /* MWConsoleToolbar.h */; settings = {ATTRIBUTES = (Public, ); }; };
		0E727A1C0CB64819000C7B3F /* MWConsoleToolbar.m in Sources */ = {isa = PBXBuildFile; fileRef = 0E727A1A0CB64819000C7B3F /* MWConsoleToolbar.m */; };
		0E7EEF210C73529D005C39C0 /* Console.tif in Resources */ = {isa = PBXBuildFile; fileRef = 0E7EEF200C73529D005C39C0 /* Console.tif */; };
		0E7EEF3A0C735403005C39C0 /* greenCheck.tif in Resources */ = {isa = PBXBuildFile; fileRef = 0E7EEF380C735403005C39C0 /* greenCheck.tif */; };
		0E7EEF3B0C735403005C39C0 /* redX.tif in Resources */ = {isa = PBXBuildFile; fileRef = 0E7EEF390C735403005C39C0 /* redX.tif */; };
		0E7EF0750C73930A005C39C0 /* yellowCheck.tif in Resources */ = {isa = PBXBuildFile; fileRef = 0E7EF0740C73930A005C39C0 /* yellowCheck.tif */; };
		0EDBEBA20C721A8200694CA9 /* MWCocoaEvent.h in Headers */ = {isa = PBXBuildFile; fileRef = 0EDBEBA00C721A8200694CA9 /* MWCocoaEvent.h */; settings = {ATTRIBUTES = (Public, ); }; };
		0EDBEBA30C721A8200694CA9 /* MWCocoaEvent.m in Sources */ = {isa = PBXBuildFile; fileRef = 0EDBEBA10C721A8200694CA9 /* MWCocoaEvent.m */; };
		0EE3765E0CA20F0C00874639 /* MWClientServerBase.h in Headers */ = {isa = PBXBuildFile; fileRef = 0EE3765C0CA20F0C00874639 /* MWClientServerBase.h */; settings = {ATTRIBUTES = (Public, ); }; };
		0EE3765F0CA20F0C00874639 /* MWClientServerBase.m in Sources */ = {isa = PBXBuildFile; fileRef = 0EE3765D0CA20F0C00874639 /* MWClientServerBase.m */; };
		5C28610B10E0976D004DA219 /* MWCoreContainer.h in Headers */ = {isa = PBXBuildFile; fileRef = 5C28610A10E0976D004DA219 /* MWCoreContainer.h */; settings = {ATTRIBUTES = (Public, ); }; };
		5C4D285109DD90B40082BF9F /* Localizable.strings in Resources */ = {isa = PBXBuildFile; fileRef = 5C4D284F09DD90B40082BF9F /* Localizable.strings */; };
		5C58924909D0BA2C00F9D2C5 /* errorGlyph.tif in Resources */ = {isa = PBXBuildFile; fileRef = 5C58924709D0BA2C00F9D2C5 /* errorGlyph.tif */; };
		5C58924A09D0BA2C00F9D2C5 /* warningGlyph.tif in Resources */ = {isa = PBXBuildFile; fileRef = 5C58924809D0BA2C00F9D2C5 /* warningGlyph.tif */; };
		5C58924C09D0BAF300F9D2C5 /* messageGlyph.tif in Resources */ = {isa = PBXBuildFile; fileRef = 5C58924B09D0BAF300F9D2C5 /* messageGlyph.tif */; };
		5C77F7FC10EBADEF00919719 /* CocoaBindingsSetter.h in Headers */ = {isa = PBXBuildFile; fileRef = 5C77F7FA10EBADEF00919719 /* CocoaBindingsSetter.h */; settings = {ATTRIBUTES = (Public, ); }; };
		5C77F7FD10EBADEF00919719 /* CocoaBindingsSetter.m in Sources */ = {isa = PBXBuildFile; fileRef = 5C77F7FB10EBADEF00919719 /* CocoaBindingsSetter.m */; };
		5C8B85011100225400E6D6CD /* MWClientProtocol.h in Headers */ = {isa = PBXBuildFile; fileRef = 5C8B85001100225400E6D6CD /* MWClientProtocol.h */; settings = {ATTRIBUTES = (Public, ); }; };
		5C9EE4EB1073A5FC0051414D /* AppKit.framework in Frameworks */ = {isa = PBXBuildFile; fileRef = 0867D6A5FE840307C02AAC07 /* AppKit.framework */; };
		5CC88AD2111769DF007914F8 /* MWNotebook.h in Headers */ = {isa = PBXBuildFile; fileRef = 5CC88AD0111769DF007914F8 /* MWNotebook.h */; settings = {ATTRIBUTES = (Public, ); }; };
		5CC88AD3111769DF007914F8 /* MWNotebook.m in Sources */ = {isa = PBXBuildFile; fileRef = 5CC88AD1111769DF007914F8 /* MWNotebook.m */; };
		5CF10C69109F3B7000FFE11A /* MWCocoaEventFunctor.cpp in Sources */ = {isa = PBXBuildFile; fileRef = 5CF10C68109F3B7000FFE11A /* MWCocoaEventFunctor.cpp */; };
		687EAA730CA1B3FA0022EE4F /* MWToolbarItem.h in Headers */ = {isa = PBXBuildFile; fileRef = 687EAA710CA1B3FA0022EE4F /* MWToolbarItem.h */; settings = {ATTRIBUTES = (Public, ); }; };
		687EAA740CA1B3FA0022EE4F /* MWToolbarItem.m in Sources */ = {isa = PBXBuildFile; fileRef = 687EAA720CA1B3FA0022EE4F /* MWToolbarItem.m */; };
		68915DBB0CB678A2007DDDAA /* Broom.tif in Resources */ = {isa = PBXBuildFile; fileRef = 68915DB90CB678A2007DDDAA /* Broom.tif */; };
		68915DBC0CB678A2007DDDAA /* Disk.png in Resources */ = {isa = PBXBuildFile; fileRef = 68915DBA0CB678A2007DDDAA /* Disk.png */; };
		68B527040CA025F20093D825 /* KBPopUpToolbarItem.h in Headers */ = {isa = PBXBuildFile; fileRef = 68B527020CA025F20093D825 /* KBPopUpToolbarItem.h */; settings = {ATTRIBUTES = (Public, ); }; };
		68B527050CA025F20093D825 /* KBPopUpToolbarItem.m in Sources */ = {isa = PBXBuildFile; fileRef = 68B527030CA025F20093D825 /* KBPopUpToolbarItem.m */; };
		68F379010C91C456007F1A6C /* MWCocoaEventFunctor.h in Headers */ = {isa = PBXBuildFile; fileRef = 68F379000C91C456007F1A6C /* MWCocoaEventFunctor.h */; settings = {ATTRIBUTES = (Public, ); }; };
		8DC2EF530486A6940098B216 /* InfoPlist.strings in Resources */ = {isa = PBXBuildFile; fileRef = 089C1666FE841158C02AAC07 /* InfoPlist.strings */; };
		8DC2EF570486A6940098B216 /* Cocoa.framework in Frameworks */ = {isa = PBXBuildFile; fileRef = 1058C7B1FEA5585E11CA2CBB /* Cocoa.framework */; };
		DA2FEE4008B3F87A007E389A /* SystemConfiguration.framework in Frameworks */ = {isa = PBXBuildFile; fileRef = DA36BA9B08AC291C00B5A2B6 /* SystemConfiguration.framework */; };
		DADADB7A07FAFC9000F8D324 /* MWorksCore.framework in Frameworks */ = {isa = PBXBuildFile; fileRef = DADADB7907FAFC9000F8D324 /* MWorksCore.framework */; };
		DADD2F9208EC4D390009EB52 /* MWorksCocoa_Prefix.pch in Headers */ = {isa = PBXBuildFile; fileRef = 32DBCF5E0370ADEE00C91783 /* MWorksCocoa_Prefix.pch */; settings = {ATTRIBUTES = (Public, ); }; };
/* End PBXBuildFile section */

/* Begin PBXContainerItemProxy section */
		5C77F48910E9699500919719 /* PBXContainerItemProxy */ = {
			isa = PBXContainerItemProxy;
			containerPortal = 0867D690FE84028FC02AAC07 /* Project object */;
			proxyType = 1;
			remoteGlobalIDString = 8DC2EF4F0486A6940098B216;
			remoteInfo = MonkeyWorksCocoa;
		};
/* End PBXContainerItemProxy section */

/* Begin PBXFileReference section */
		0867D69BFE84028FC02AAC07 /* Foundation.framework */ = {isa = PBXFileReference; lastKnownFileType = wrapper.framework; name = Foundation.framework; path = /System/Library/Frameworks/Foundation.framework; sourceTree = "<absolute>"; };
		0867D6A5FE840307C02AAC07 /* AppKit.framework */ = {isa = PBXFileReference; lastKnownFileType = wrapper.framework; name = AppKit.framework; path = /System/Library/Frameworks/AppKit.framework; sourceTree = "<absolute>"; };
		089C1667FE841158C02AAC07 /* English */ = {isa = PBXFileReference; fileEncoding = 10; lastKnownFileType = text.plist.strings; name = English; path = English.lproj/InfoPlist.strings; sourceTree = "<group>"; };
		0E1F31830C5B1E6900EB89EA /* MWNotifications.h */ = {isa = PBXFileReference; fileEncoding = 30; lastKnownFileType = sourcecode.c.h; name = MWNotifications.h; path = Source/MWNotifications.h; sourceTree = "<group>"; };
		0E1F319B0C5B1EB700EB89EA /* MWConsoleController.h */ = {isa = PBXFileReference; fileEncoding = 30; lastKnownFileType = sourcecode.c.h; path = MWConsoleController.h; sourceTree = "<group>"; };
		0E1F319C0C5B1EB700EB89EA /* MWConsoleController.m */ = {isa = PBXFileReference; fileEncoding = 30; lastKnownFileType = sourcecode.c.objc; path = MWConsoleController.m; sourceTree = "<group>"; };
		0E1F319D0C5B1EB700EB89EA /* MWMessageContainer.h */ = {isa = PBXFileReference; fileEncoding = 30; lastKnownFileType = sourcecode.c.h; path = MWMessageContainer.h; sourceTree = "<group>"; };
		0E1F319E0C5B1EB700EB89EA /* MWMessageContainer.m */ = {isa = PBXFileReference; fileEncoding = 30; lastKnownFileType = sourcecode.c.objc; path = MWMessageContainer.m; sourceTree = "<group>"; };
		0E1F32120C5B26BC00EB89EA /* ConsoleWindow.nib */ = {isa = PBXFileReference; lastKnownFileType = wrapper.nib; path = ConsoleWindow.nib; sourceTree = "<group>"; };
		0E36D05D0C7A2F440050471A /* MWWindowController.h */ = {isa = PBXFileReference; fileEncoding = 30; lastKnownFileType = sourcecode.c.h; path = MWWindowController.h; sourceTree = "<group>"; };
		0E36D05E0C7A2F440050471A /* MWWindowController.m */ = {isa = PBXFileReference; fileEncoding = 30; lastKnownFileType = sourcecode.c.objc; path = MWWindowController.m; sourceTree = "<group>"; };
		0E727A190CB64819000C7B3F /* MWConsoleToolbar.h */ = {isa = PBXFileReference; fileEncoding = 4; lastKnownFileType = sourcecode.c.h; path = MWConsoleToolbar.h; sourceTree = "<group>"; };
		0E727A1A0CB64819000C7B3F /* MWConsoleToolbar.m */ = {isa = PBXFileReference; fileEncoding = 4; lastKnownFileType = sourcecode.c.objc; path = MWConsoleToolbar.m; sourceTree = "<group>"; };
		0E7EEF200C73529D005C39C0 /* Console.tif */ = {isa = PBXFileReference; lastKnownFileType = image.tiff; name = Console.tif; path = Images/Console.tif; sourceTree = "<group>"; };
		0E7EEF380C735403005C39C0 /* greenCheck.tif */ = {isa = PBXFileReference; lastKnownFileType = image.tiff; name = greenCheck.tif; path = Images/greenCheck.tif; sourceTree = "<group>"; };
		0E7EEF390C735403005C39C0 /* redX.tif */ = {isa = PBXFileReference; lastKnownFileType = image.tiff; name = redX.tif; path = Images/redX.tif; sourceTree = "<group>"; };
		0E7EF0740C73930A005C39C0 /* yellowCheck.tif */ = {isa = PBXFileReference; lastKnownFileType = image.tiff; name = yellowCheck.tif; path = Images/yellowCheck.tif; sourceTree = "<group>"; };
		0EDBEBA00C721A8200694CA9 /* MWCocoaEvent.h */ = {isa = PBXFileReference; fileEncoding = 4; lastKnownFileType = sourcecode.c.h; name = MWCocoaEvent.h; path = Source/MWCocoaEvent.h; sourceTree = "<group>"; };
		0EDBEBA10C721A8200694CA9 /* MWCocoaEvent.m */ = {isa = PBXFileReference; fileEncoding = 4; lastKnownFileType = sourcecode.c.objc; name = MWCocoaEvent.m; path = Source/MWCocoaEvent.m; sourceTree = "<group>"; };
		0EE3765C0CA20F0C00874639 /* MWClientServerBase.h */ = {isa = PBXFileReference; fileEncoding = 4; lastKnownFileType = sourcecode.c.h; path = MWClientServerBase.h; sourceTree = "<group>"; };
		0EE3765D0CA20F0C00874639 /* MWClientServerBase.m */ = {isa = PBXFileReference; fileEncoding = 4; lastKnownFileType = sourcecode.c.objc; path = MWClientServerBase.m; sourceTree = "<group>"; };
		1058C7B1FEA5585E11CA2CBB /* Cocoa.framework */ = {isa = PBXFileReference; lastKnownFileType = wrapper.framework; name = Cocoa.framework; path = /System/Library/Frameworks/Cocoa.framework; sourceTree = "<absolute>"; };
		32DBCF5E0370ADEE00C91783 /* MWorksCocoa_Prefix.pch */ = {isa = PBXFileReference; fileEncoding = 4; lastKnownFileType = sourcecode.c.h; path = MWorksCocoa_Prefix.pch; sourceTree = "<group>"; };
		5C28610A10E0976D004DA219 /* MWCoreContainer.h */ = {isa = PBXFileReference; fileEncoding = 4; lastKnownFileType = sourcecode.c.h; path = MWCoreContainer.h; sourceTree = "<group>"; };
		5C4D285009DD90B40082BF9F /* English */ = {isa = PBXFileReference; fileEncoding = 30; lastKnownFileType = text.plist.strings; name = English; path = English.lproj/Localizable.strings; sourceTree = "<group>"; };
		5C58924709D0BA2C00F9D2C5 /* errorGlyph.tif */ = {isa = PBXFileReference; lastKnownFileType = image.tiff; name = errorGlyph.tif; path = Images/errorGlyph.tif; sourceTree = "<group>"; };
		5C58924809D0BA2C00F9D2C5 /* warningGlyph.tif */ = {isa = PBXFileReference; lastKnownFileType = image.tiff; name = warningGlyph.tif; path = Images/warningGlyph.tif; sourceTree = "<group>"; };
		5C58924B09D0BAF300F9D2C5 /* messageGlyph.tif */ = {isa = PBXFileReference; lastKnownFileType = image.tiff; name = messageGlyph.tif; path = Images/messageGlyph.tif; sourceTree = "<group>"; };
		5C77F7FA10EBADEF00919719 /* CocoaBindingsSetter.h */ = {isa = PBXFileReference; fileEncoding = 4; lastKnownFileType = sourcecode.c.h; path = CocoaBindingsSetter.h; sourceTree = "<group>"; };
		5C77F7FB10EBADEF00919719 /* CocoaBindingsSetter.m */ = {isa = PBXFileReference; fileEncoding = 4; lastKnownFileType = sourcecode.c.objc; path = CocoaBindingsSetter.m; sourceTree = "<group>"; };
		5C8B85001100225400E6D6CD /* MWClientProtocol.h */ = {isa = PBXFileReference; fileEncoding = 4; lastKnownFileType = sourcecode.c.h; path = MWClientProtocol.h; sourceTree = "<group>"; };
		5CC88AD0111769DF007914F8 /* MWNotebook.h */ = {isa = PBXFileReference; fileEncoding = 4; lastKnownFileType = sourcecode.c.h; name = MWNotebook.h; path = Source/MWNotebook.h; sourceTree = "<group>"; };
		5CC88AD1111769DF007914F8 /* MWNotebook.m */ = {isa = PBXFileReference; fileEncoding = 4; lastKnownFileType = sourcecode.c.objc; name = MWNotebook.m; path = Source/MWNotebook.m; sourceTree = "<group>"; };
		5CE62A151158540100C757F1 /* Development.xcconfig */ = {isa = PBXFileReference; fileEncoding = 4; lastKnownFileType = text.xcconfig; name = Development.xcconfig; path = "/Library/Application Support/MWorks/Developer/Xcode/Development.xcconfig"; sourceTree = "<absolute>"; };
		5CE62A161158540100C757F1 /* WARNING.txt */ = {isa = PBXFileReference; fileEncoding = 4; lastKnownFileType = text; name = WARNING.txt; path = "/Library/Application Support/MWorks/Developer/Xcode/WARNING.txt"; sourceTree = "<absolute>"; };
		5CF10C68109F3B7000FFE11A /* MWCocoaEventFunctor.cpp */ = {isa = PBXFileReference; fileEncoding = 4; lastKnownFileType = sourcecode.cpp.cpp; path = MWCocoaEventFunctor.cpp; sourceTree = "<group>"; };
		687EAA710CA1B3FA0022EE4F /* MWToolbarItem.h */ = {isa = PBXFileReference; fileEncoding = 30; lastKnownFileType = sourcecode.c.h; name = MWToolbarItem.h; path = Source/Toolbars/MWToolbarItem.h; sourceTree = "<group>"; };
		687EAA720CA1B3FA0022EE4F /* MWToolbarItem.m */ = {isa = PBXFileReference; fileEncoding = 30; lastKnownFileType = sourcecode.c.objc; name = MWToolbarItem.m; path = Source/Toolbars/MWToolbarItem.m; sourceTree = "<group>"; };
		68915DB90CB678A2007DDDAA /* Broom.tif */ = {isa = PBXFileReference; lastKnownFileType = image.tiff; name = Broom.tif; path = Images/Broom.tif; sourceTree = "<group>"; };
		68915DBA0CB678A2007DDDAA /* Disk.png */ = {isa = PBXFileReference; lastKnownFileType = image.png; name = Disk.png; path = Images/Disk.png; sourceTree = "<group>"; };
		68B527020CA025F20093D825 /* KBPopUpToolbarItem.h */ = {isa = PBXFileReference; fileEncoding = 30; lastKnownFileType = sourcecode.c.h; name = KBPopUpToolbarItem.h; path = Source/Toolbars/KBPopUpToolbarItem.h; sourceTree = "<group>"; };
		68B527030CA025F20093D825 /* KBPopUpToolbarItem.m */ = {isa = PBXFileReference; fileEncoding = 30; lastKnownFileType = sourcecode.c.objc; name = KBPopUpToolbarItem.m; path = Source/Toolbars/KBPopUpToolbarItem.m; sourceTree = "<group>"; };
		68DAF1B40AC959FA00928168 /* MWorksCocoa.framework */ = {isa = PBXFileReference; explicitFileType = wrapper.framework; includeInIndex = 0; path = MWorksCocoa.framework; sourceTree = BUILT_PRODUCTS_DIR; };
		68F379000C91C456007F1A6C /* MWCocoaEventFunctor.h */ = {isa = PBXFileReference; fileEncoding = 4; lastKnownFileType = sourcecode.c.h; name = MWCocoaEventFunctor.h; path = Source/MWCocoaEventFunctor.h; sourceTree = "<group>"; };
		8DC2EF5A0486A6940098B216 /* Info.plist */ = {isa = PBXFileReference; fileEncoding = 4; lastKnownFileType = text.plist; path = Info.plist; sourceTree = "<group>"; };
		DA36BA9B08AC291C00B5A2B6 /* SystemConfiguration.framework */ = {isa = PBXFileReference; lastKnownFileType = wrapper.framework; name = SystemConfiguration.framework; path = /System/Library/Frameworks/SystemConfiguration.framework; sourceTree = "<absolute>"; };
		DADADB7907FAFC9000F8D324 /* MWorksCore.framework */ = {isa = PBXFileReference; lastKnownFileType = wrapper.framework; name = MWorksCore.framework; path = /Library/Frameworks/MWorksCore.framework; sourceTree = "<absolute>"; };
		DADADC8607FB62CB00F8D324 /* MWCocoaREADME.txt */ = {isa = PBXFileReference; fileEncoding = 30; lastKnownFileType = text; path = MWCocoaREADME.txt; sourceTree = "<group>"; };
/* End PBXFileReference section */

/* Begin PBXFrameworksBuildPhase section */
		8DC2EF560486A6940098B216 /* Frameworks */ = {
			isa = PBXFrameworksBuildPhase;
			buildActionMask = 2147483647;
			files = (
				8DC2EF570486A6940098B216 /* Cocoa.framework in Frameworks */,
				DADADB7A07FAFC9000F8D324 /* MWorksCore.framework in Frameworks */,
				DA2FEE4008B3F87A007E389A /* SystemConfiguration.framework in Frameworks */,
				5C9EE4EB1073A5FC0051414D /* AppKit.framework in Frameworks */,
			);
			runOnlyForDeploymentPostprocessing = 0;
		};
/* End PBXFrameworksBuildPhase section */

/* Begin PBXGroup section */
		034768DFFF38A50411DB9C8B /* Products */ = {
			isa = PBXGroup;
			children = (
				68DAF1B40AC959FA00928168 /* MWorksCocoa.framework */,
			);
			name = Products;
			sourceTree = "<group>";
		};
		0867D691FE84028FC02AAC07 /* MonkeyWorksCocoa */ = {
			isa = PBXGroup;
			children = (
				5CE62A0C115853B500C757F1 /* External Config */,
				DADADC8607FB62CB00F8D324 /* MWCocoaREADME.txt */,
				DA2FEEE908B3FD9F007E389A /* Source */,
				0867D69AFE84028FC02AAC07 /* External Frameworks and Libraries */,
				DA808371089013AD001F2060 /* Images */,
				32C88DFF0371C24200C91783 /* Other Sources */,
				034768DFFF38A50411DB9C8B /* Products */,
				089C1665FE841158C02AAC07 /* Resources */,
			);
			name = MonkeyWorksCocoa;
			sourceTree = "<group>";
		};
		0867D69AFE84028FC02AAC07 /* External Frameworks and Libraries */ = {
			isa = PBXGroup;
			children = (
				DA36BA9B08AC291C00B5A2B6 /* SystemConfiguration.framework */,
				DADADB7907FAFC9000F8D324 /* MWorksCore.framework */,
				1058C7B0FEA5585E11CA2CBB /* Linked Frameworks */,
				1058C7B2FEA5585E11CA2CBB /* Other Frameworks */,
			);
			name = "External Frameworks and Libraries";
			sourceTree = "<group>";
		};
		089C1665FE841158C02AAC07 /* Resources */ = {
			isa = PBXGroup;
			children = (
				0E1F32110C5B26BC00EB89EA /* NIBs */,
				8DC2EF5A0486A6940098B216 /* Info.plist */,
				5C4D284F09DD90B40082BF9F /* Localizable.strings */,
				089C1666FE841158C02AAC07 /* InfoPlist.strings */,
			);
			name = Resources;
			sourceTree = "<group>";
		};
		0E1F319A0C5B1EB700EB89EA /* Console */ = {
			isa = PBXGroup;
			children = (
				0E1F319B0C5B1EB700EB89EA /* MWConsoleController.h */,
				0E1F319C0C5B1EB700EB89EA /* MWConsoleController.m */,
				0E1F319D0C5B1EB700EB89EA /* MWMessageContainer.h */,
				0E1F319E0C5B1EB700EB89EA /* MWMessageContainer.m */,
				0E727A190CB64819000C7B3F /* MWConsoleToolbar.h */,
				0E727A1A0CB64819000C7B3F /* MWConsoleToolbar.m */,
			);
			name = Console;
			path = Source/Console;
			sourceTree = "<group>";
		};
		0E1F32110C5B26BC00EB89EA /* NIBs */ = {
			isa = PBXGroup;
			children = (
				0E1F32120C5B26BC00EB89EA /* ConsoleWindow.nib */,
			);
			path = NIBs;
			sourceTree = "<group>";
		};
		0E36D05C0C7A2F440050471A /* ClientAddOnWindows */ = {
			isa = PBXGroup;
			children = (
				0E36D05D0C7A2F440050471A /* MWWindowController.h */,
				0E36D05E0C7A2F440050471A /* MWWindowController.m */,
			);
			name = ClientAddOnWindows;
			path = Source/ClientAddOnWindows;
			sourceTree = "<group>";
		};
		1058C7B0FEA5585E11CA2CBB /* Linked Frameworks */ = {
			isa = PBXGroup;
			children = (
				1058C7B1FEA5585E11CA2CBB /* Cocoa.framework */,
			);
			name = "Linked Frameworks";
			sourceTree = "<group>";
		};
		1058C7B2FEA5585E11CA2CBB /* Other Frameworks */ = {
			isa = PBXGroup;
			children = (
				0867D69BFE84028FC02AAC07 /* Foundation.framework */,
				0867D6A5FE840307C02AAC07 /* AppKit.framework */,
			);
			name = "Other Frameworks";
			sourceTree = "<group>";
		};
		32C88DFF0371C24200C91783 /* Other Sources */ = {
			isa = PBXGroup;
			children = (
				32DBCF5E0370ADEE00C91783 /* MWorksCocoa_Prefix.pch */,
			);
			name = "Other Sources";
			sourceTree = "<group>";
		};
		5CE62A0C115853B500C757F1 /* External Config */ = {
			isa = PBXGroup;
			children = (
				5CE62A151158540100C757F1 /* Development.xcconfig */,
				5CE62A161158540100C757F1 /* WARNING.txt */,
			);
			name = "External Config";
			sourceTree = "<group>";
		};
		68B527010CA025D70093D825 /* Toolbars */ = {
			isa = PBXGroup;
			children = (
				687EAA710CA1B3FA0022EE4F /* MWToolbarItem.h */,
				687EAA720CA1B3FA0022EE4F /* MWToolbarItem.m */,
				68B527020CA025F20093D825 /* KBPopUpToolbarItem.h */,
				68B527030CA025F20093D825 /* KBPopUpToolbarItem.m */,
			);
			name = Toolbars;
			sourceTree = "<group>";
		};
		DA2FEEE908B3FD9F007E389A /* Source */ = {
			isa = PBXGroup;
			children = (
				68B527010CA025D70093D825 /* Toolbars */,
				0E36D05C0C7A2F440050471A /* ClientAddOnWindows */,
				0E1F319A0C5B1EB700EB89EA /* Console */,
				0E1F31830C5B1E6900EB89EA /* MWNotifications.h */,
				0EDBEBA00C721A8200694CA9 /* MWCocoaEvent.h */,
				0EDBEBA10C721A8200694CA9 /* MWCocoaEvent.m */,
				68F379000C91C456007F1A6C /* MWCocoaEventFunctor.h */,
				5CF10C68109F3B7000FFE11A /* MWCocoaEventFunctor.cpp */,
				0EE3765C0CA20F0C00874639 /* MWClientServerBase.h */,
				0EE3765D0CA20F0C00874639 /* MWClientServerBase.m */,
				5C28610A10E0976D004DA219 /* MWCoreContainer.h */,
				5C77F7FA10EBADEF00919719 /* CocoaBindingsSetter.h */,
				5C77F7FB10EBADEF00919719 /* CocoaBindingsSetter.m */,
				5CC88AD0111769DF007914F8 /* MWNotebook.h */,
				5CC88AD1111769DF007914F8 /* MWNotebook.m */,
				5C8B85001100225400E6D6CD /* MWClientProtocol.h */,
			);
			name = Source;
			sourceTree = "<group>";
		};
		DA808371089013AD001F2060 /* Images */ = {
			isa = PBXGroup;
			children = (
				68915DB90CB678A2007DDDAA /* Broom.tif */,
				68915DBA0CB678A2007DDDAA /* Disk.png */,
				0E7EF0740C73930A005C39C0 /* yellowCheck.tif */,
				0E7EEF380C735403005C39C0 /* greenCheck.tif */,
				0E7EEF390C735403005C39C0 /* redX.tif */,
				0E7EEF200C73529D005C39C0 /* Console.tif */,
				5C58924B09D0BAF300F9D2C5 /* messageGlyph.tif */,
				5C58924709D0BA2C00F9D2C5 /* errorGlyph.tif */,
				5C58924809D0BA2C00F9D2C5 /* warningGlyph.tif */,
			);
			name = Images;
			sourceTree = "<group>";
		};
/* End PBXGroup section */

/* Begin PBXHeadersBuildPhase section */
		8DC2EF500486A6940098B216 /* Headers */ = {
			isa = PBXHeadersBuildPhase;
			buildActionMask = 2147483647;
			files = (
				DADD2F9208EC4D390009EB52 /* MWorksCocoa_Prefix.pch in Headers */,
				0E1F31840C5B1E6900EB89EA /* MWNotifications.h in Headers */,
				0E1F319F0C5B1EB700EB89EA /* MWConsoleController.h in Headers */,
				0E1F31A10C5B1EB700EB89EA /* MWMessageContainer.h in Headers */,
				0EDBEBA20C721A8200694CA9 /* MWCocoaEvent.h in Headers */,
				0E36D05F0C7A2F440050471A /* MWWindowController.h in Headers */,
				68F379010C91C456007F1A6C /* MWCocoaEventFunctor.h in Headers */,
				68B527040CA025F20093D825 /* KBPopUpToolbarItem.h in Headers */,
				687EAA730CA1B3FA0022EE4F /* MWToolbarItem.h in Headers */,
				0EE3765E0CA20F0C00874639 /* MWClientServerBase.h in Headers */,
				0E727A1B0CB64819000C7B3F /* MWConsoleToolbar.h in Headers */,
				5C28610B10E0976D004DA219 /* MWCoreContainer.h in Headers */,
				5C77F7FC10EBADEF00919719 /* CocoaBindingsSetter.h in Headers */,
				5C8B85011100225400E6D6CD /* MWClientProtocol.h in Headers */,
				5CC88AD2111769DF007914F8 /* MWNotebook.h in Headers */,
			);
			runOnlyForDeploymentPostprocessing = 0;
		};
/* End PBXHeadersBuildPhase section */

/* Begin PBXNativeTarget section */
		8DC2EF4F0486A6940098B216 /* MWorksCocoa */ = {
			isa = PBXNativeTarget;
			buildConfigurationList = DA2A85420871A49C00D99DD8 /* Build configuration list for PBXNativeTarget "MWorksCocoa" */;
			buildPhases = (
				8DC2EF500486A6940098B216 /* Headers */,
				8DC2EF520486A6940098B216 /* Resources */,
				8DC2EF540486A6940098B216 /* Sources */,
				8DC2EF560486A6940098B216 /* Frameworks */,
				DA57CD5D083A6378006832CF /* ShellScript */,
			);
			buildRules = (
			);
			dependencies = (
			);
			name = MWorksCocoa;
			productInstallPath = "$(HOME)/Library/Frameworks";
			productName = MonkeyWorksCocoa;
			productReference = 68DAF1B40AC959FA00928168 /* MWorksCocoa.framework */;
			productType = "com.apple.product-type.framework";
		};
/* End PBXNativeTarget section */

/* Begin PBXProject section */
		0867D690FE84028FC02AAC07 /* Project object */ = {
			isa = PBXProject;
			attributes = {
				LastUpgradeCheck = 0410;
			};
			buildConfigurationList = DA2A85460871A49C00D99DD8 /* Build configuration list for PBXProject "MWorksCocoa" */;
			compatibilityVersion = "Xcode 3.2";
			developmentRegion = English;
			hasScannedForEncodings = 1;
			knownRegions = (
				English,
				Japanese,
				French,
				German,
			);
			mainGroup = 0867D691FE84028FC02AAC07 /* MonkeyWorksCocoa */;
			productRefGroup = 034768DFFF38A50411DB9C8B /* Products */;
			projectDirPath = "";
			projectRoot = "";
			targets = (
				8DC2EF4F0486A6940098B216 /* MWorksCocoa */,
				5C77F48510E9698E00919719 /* Everything */,
			);
		};
/* End PBXProject section */

/* Begin PBXResourcesBuildPhase section */
		8DC2EF520486A6940098B216 /* Resources */ = {
			isa = PBXResourcesBuildPhase;
			buildActionMask = 2147483647;
			files = (
				8DC2EF530486A6940098B216 /* InfoPlist.strings in Resources */,
				5C58924909D0BA2C00F9D2C5 /* errorGlyph.tif in Resources */,
				5C58924A09D0BA2C00F9D2C5 /* warningGlyph.tif in Resources */,
				5C58924C09D0BAF300F9D2C5 /* messageGlyph.tif in Resources */,
				5C4D285109DD90B40082BF9F /* Localizable.strings in Resources */,
				0E1F32130C5B26BC00EB89EA /* ConsoleWindow.nib in Resources */,
				0E7EEF210C73529D005C39C0 /* Console.tif in Resources */,
				0E7EEF3A0C735403005C39C0 /* greenCheck.tif in Resources */,
				0E7EEF3B0C735403005C39C0 /* redX.tif in Resources */,
				0E7EF0750C73930A005C39C0 /* yellowCheck.tif in Resources */,
				68915DBB0CB678A2007DDDAA /* Broom.tif in Resources */,
				68915DBC0CB678A2007DDDAA /* Disk.png in Resources */,
			);
			runOnlyForDeploymentPostprocessing = 0;
		};
/* End PBXResourcesBuildPhase section */

/* Begin PBXShellScriptBuildPhase section */
		DA57CD5D083A6378006832CF /* ShellScript */ = {
			isa = PBXShellScriptBuildPhase;
			buildActionMask = 2147483647;
			files = (
			);
			inputPaths = (
			);
			outputPaths = (
			);
			runOnlyForDeploymentPostprocessing = 0;
			shellPath = /bin/zsh;
			shellScript = "export FULL_NAME=${PRODUCT_NAME}.${WRAPPER_EXTENSION}\nexport FINAL_INSTALL_DIR=/Library/Frameworks\n\necho Copying files from ${BUILT_PRODUCTS_DIR} to ${FINAL_INSTALL_DIR}\nrm -dfR \"${FINAL_INSTALL_DIR}/${FULL_NAME}\"\ncp -Rf \"${BUILT_PRODUCTS_DIR}/${FULL_NAME}\" \"${FINAL_INSTALL_DIR}/\"\n";
		};
/* End PBXShellScriptBuildPhase section */

/* Begin PBXSourcesBuildPhase section */
		8DC2EF540486A6940098B216 /* Sources */ = {
			isa = PBXSourcesBuildPhase;
			buildActionMask = 2147483647;
			files = (
				0E1F31A00C5B1EB700EB89EA /* MWConsoleController.m in Sources */,
				0E1F31A20C5B1EB700EB89EA /* MWMessageContainer.m in Sources */,
				0EDBEBA30C721A8200694CA9 /* MWCocoaEvent.m in Sources */,
				0E36D0600C7A2F440050471A /* MWWindowController.m in Sources */,
				68B527050CA025F20093D825 /* KBPopUpToolbarItem.m in Sources */,
				687EAA740CA1B3FA0022EE4F /* MWToolbarItem.m in Sources */,
				0EE3765F0CA20F0C00874639 /* MWClientServerBase.m in Sources */,
				0E727A1C0CB64819000C7B3F /* MWConsoleToolbar.m in Sources */,
				5CF10C69109F3B7000FFE11A /* MWCocoaEventFunctor.cpp in Sources */,
				5C77F7FD10EBADEF00919719 /* CocoaBindingsSetter.m in Sources */,
				5CC88AD3111769DF007914F8 /* MWNotebook.m in Sources */,
			);
			runOnlyForDeploymentPostprocessing = 0;
		};
/* End PBXSourcesBuildPhase section */

/* Begin PBXTargetDependency section */
		5C77F48A10E9699500919719 /* PBXTargetDependency */ = {
			isa = PBXTargetDependency;
			target = 8DC2EF4F0486A6940098B216 /* MWorksCocoa */;
			targetProxy = 5C77F48910E9699500919719 /* PBXContainerItemProxy */;
		};
/* End PBXTargetDependency section */

/* Begin PBXVariantGroup section */
		089C1666FE841158C02AAC07 /* InfoPlist.strings */ = {
			isa = PBXVariantGroup;
			children = (
				089C1667FE841158C02AAC07 /* English */,
			);
			name = InfoPlist.strings;
			sourceTree = "<group>";
		};
		5C4D284F09DD90B40082BF9F /* Localizable.strings */ = {
			isa = PBXVariantGroup;
			children = (
				5C4D285009DD90B40082BF9F /* English */,
			);
			name = Localizable.strings;
			sourceTree = "<group>";
		};
/* End PBXVariantGroup section */

/* Begin XCBuildConfiguration section */
		5C77F48610E9698F00919719 /* Development */ = {
			isa = XCBuildConfiguration;
			buildSettings = {
				PRODUCT_NAME = Everything;
			};
			name = Development;
		};
		DA2A85430871A49C00D99DD8 /* Development */ = {
			isa = XCBuildConfiguration;
			buildSettings = {
				DYLIB_COMPATIBILITY_VERSION = 1;
				DYLIB_CURRENT_VERSION = 1;
				FRAMEWORK_VERSION = A;
				GCC_INPUT_FILETYPE = sourcecode.cpp.objcpp;
				GCC_PRECOMPILE_PREFIX_HEADER = YES;
				GCC_PREFIX_HEADER = MWorksCocoa_Prefix.pch;
				INFOPLIST_FILE = Info.plist;
				INSTALL_PATH = /Library/Frameworks;
				PRODUCT_NAME = MWorksCocoa;
				WRAPPER_EXTENSION = framework;
			};
			name = Development;
		};
		DA2A85470871A49C00D99DD8 /* Development */ = {
			isa = XCBuildConfiguration;
			baseConfigurationReference = 5CE62A151158540100C757F1 /* Development.xcconfig */;
			buildSettings = {
				GCC_WARN_ABOUT_MISSING_NEWLINE = YES;
				GCC_WARN_HIDDEN_VIRTUAL_FUNCTIONS = YES;
			};
			name = Development;
		};
/* End XCBuildConfiguration section */

/* Begin XCConfigurationList section */
		5C77F48D10E9699A00919719 /* Build configuration list for PBXAggregateTarget "Everything" */ = {
			isa = XCConfigurationList;
			buildConfigurations = (
				5C77F48610E9698F00919719 /* Development */,
			);
			defaultConfigurationIsVisible = 0;
			defaultConfigurationName = Development;
		};
		DA2A85420871A49C00D99DD8 /* Build configuration list for PBXNativeTarget "MWorksCocoa" */ = {
			isa = XCConfigurationList;
			buildConfigurations = (
				DA2A85430871A49C00D99DD8 /* Development */,
			);
			defaultConfigurationIsVisible = 0;
			defaultConfigurationName = Development;
		};
		DA2A85460871A49C00D99DD8 /* Build configuration list for PBXProject "MWorksCocoa" */ = {
			isa = XCConfigurationList;
			buildConfigurations = (
				DA2A85470871A49C00D99DD8 /* Development */,
			);
			defaultConfigurationIsVisible = 0;
			defaultConfigurationName = Development;
		};
/* End XCConfigurationList section */
	};
	rootObject = 0867D690FE84028FC02AAC07 /* Project object */;
}
